// !$*UTF8*$!
{
	archiveVersion = 1;
	classes = {
	};
	objectVersion = 52;
	objects = {

/* Begin PBXFileReference section */
		948BB1AD26E026CA001DD65B /* MLTextClassifier.playground */ = {isa = PBXFileReference; lastKnownFileType = file.playground; path = MLTextClassifier.playground; sourceTree = "<group>"; xcLanguageSpecificationIdentifier = xcode.lang.swift; };
		948BB1AE26E027D6001DD65B /* MLWordTagger.playground */ = {isa = PBXFileReference; lastKnownFileType = file.playground; path = MLWordTagger.playground; sourceTree = "<group>"; xcLanguageSpecificationIdentifier = xcode.lang.swift; };
/* End PBXFileReference section */

/* Begin PBXGroup section */
		948BB1A626E02628001DD65B = {
			isa = PBXGroup;
			children = (
				948BB1AE26E027D6001DD65B /* MLWordTagger.playground */,
				948BB1AD26E026CA001DD65B /* MLTextClassifier.playground */,
			);
			sourceTree = "<group>";
		};
/* End PBXGroup section */

/* Begin PBXProject section */
		948BB1A726E02628001DD65B /* Project object */ = {
			isa = PBXProject;
			attributes = {
				LastUpgradeCheck = 1250;
			};
			buildConfigurationList = 948BB1AA26E02628001DD65B /* Build configuration list for PBXProject "nlp-createML" */;
			compatibilityVersion = "Xcode 11.0";
			developmentRegion = en;
			hasScannedForEncodings = 0;
			knownRegions = (
				en,
				Base,
			);
			mainGroup = 948BB1A626E02628001DD65B;
			projectDirPath = "";
			projectRoot = "";
			targets = (
			);
		};
/* End PBXProject section */

/* Begin XCBuildConfiguration section */
		948BB1AB26E02628001DD65B /* Debug */ = {
			isa = XCBuildConfiguration;
			buildSettings = {
			};
			name = Debug;
		};
		948BB1AC26E02628001DD65B /* Release */ = {
			isa = XCBuildConfiguration;
			buildSettings = {
			};
			name = Release;
		};
/* End XCBuildConfiguration section */

/* Begin XCConfigurationList section */
		948BB1AA26E02628001DD65B /* Build configuration list for PBXProject "nlp-createML" */ = {
			isa = XCConfigurationList;
			buildConfigurations = (
				948BB1AB26E02628001DD65B /* Debug */,
				948BB1AC26E02628001DD65B /* Release */,
			);
			defaultConfigurationIsVisible = 0;
			defaultConfigurationName = Release;
		};
/* End XCConfigurationList section */
	};
	rootObject = 948BB1A726E02628001DD65B /* Project object */;
}
